{
  "version": 4,
  "terraform_version": "1.0.1",
  "serial": 48,
  "lineage": "13bb4ac6-2941-b553-f15a-45f6781b7142",
  "outputs": {},
  "resources": [
    {
      "mode": "managed",
      "type": "aws_eip",
      "name": "eip-nat-gate1",
      "provider": "provider[\"registry.terraform.io/hashicorp/aws\"]",
      "instances": [
        {
          "schema_version": 0,
          "attributes": {
            "address": null,
            "allocation_id": null,
            "associate_with_private_ip": null,
            "association_id": "eipassoc-0b204dfdabde93fd5",
            "carrier_ip": "",
            "customer_owned_ip": "",
            "customer_owned_ipv4_pool": "",
            "domain": "vpc",
            "id": "eipalloc-0aa4e91c2f7134748",
            "instance": "",
            "network_border_group": "us-east-1",
            "network_interface": "eni-06d00c749d1e180e4",
            "private_dns": "ip-10-10-2-235.ec2.internal",
            "private_ip": "10.10.2.235",
            "public_dns": "ec2-52-87-95-18.compute-1.amazonaws.com",
            "public_ip": "52.87.95.18",
            "public_ipv4_pool": "amazon",
            "tags": {
              "Name": "eip one"
            },
            "tags_all": {
              "Name": "eip one"
            },
            "timeouts": null,
            "vpc": true
          },
          "sensitive_attributes": [],
          "private": "eyJlMmJmYjczMC1lY2FhLTExZTYtOGY4OC0zNDM2M2JjN2M0YzAiOnsiZGVsZXRlIjoxODAwMDAwMDAwMDAsInJlYWQiOjkwMDAwMDAwMDAwMCwidXBkYXRlIjozMDAwMDAwMDAwMDB9fQ=="
        }
      ]
    },
    {
      "mode": "managed",
      "type": "aws_eip",
      "name": "eip-nat-gate2",
      "provider": "provider[\"registry.terraform.io/hashicorp/aws\"]",
      "instances": [
        {
          "schema_version": 0,
          "attributes": {
            "address": null,
            "allocation_id": null,
            "associate_with_private_ip": null,
            "association_id": "eipassoc-0a4d234face67de76",
            "carrier_ip": "",
            "customer_owned_ip": "",
            "customer_owned_ipv4_pool": "",
            "domain": "vpc",
            "id": "eipalloc-0182a308139c54550",
            "instance": "",
            "network_border_group": "us-east-1",
            "network_interface": "eni-0458a90ef03a2cad6",
            "private_dns": "ip-10-10-3-243.ec2.internal",
            "private_ip": "10.10.3.243",
            "public_dns": "ec2-52-73-15-104.compute-1.amazonaws.com",
            "public_ip": "52.73.15.104",
            "public_ipv4_pool": "amazon",
            "tags": {
              "Name": "eip two"
            },
            "tags_all": {
              "Name": "eip two"
            },
            "timeouts": null,
            "vpc": true
          },
          "sensitive_attributes": [],
          "private": "eyJlMmJmYjczMC1lY2FhLTExZTYtOGY4OC0zNDM2M2JjN2M0YzAiOnsiZGVsZXRlIjoxODAwMDAwMDAwMDAsInJlYWQiOjkwMDAwMDAwMDAwMCwidXBkYXRlIjozMDAwMDAwMDAwMDB9fQ=="
        }
      ]
    },
    {
      "mode": "managed",
      "type": "aws_internet_gateway",
      "name": "gw",
      "provider": "provider[\"registry.terraform.io/hashicorp/aws\"]",
      "instances": [
        {
          "schema_version": 0,
          "attributes": {
            "arn": "arn:aws:ec2:us-east-1:671698158650:internet-gateway/igw-08c33ccfa7acbdbef",
            "id": "igw-08c33ccfa7acbdbef",
            "owner_id": "671698158650",
            "tags": {
              "Name": "TF-igw"
            },
            "tags_all": {
              "Name": "TF-igw"
            },
            "vpc_id": "vpc-07806f2d9b24ac172"
          },
          "sensitive_attributes": [],
          "private": "bnVsbA==",
          "dependencies": [
            "aws_vpc.main"
          ]
        }
      ]
    },
    {
      "mode": "managed",
      "type": "aws_nat_gateway",
      "name": "Nat2",
      "provider": "provider[\"registry.terraform.io/hashicorp/aws\"]",
      "instances": [
        {
          "schema_version": 0,
          "attributes": {
            "allocation_id": "eipalloc-0182a308139c54550",
            "connectivity_type": "public",
            "id": "nat-023474aee624b0366",
            "network_interface_id": "eni-0458a90ef03a2cad6",
            "private_ip": "10.10.3.243",
            "public_ip": "52.73.15.104",
            "subnet_id": "subnet-07ba485213627693e",
            "tags": {
              "Name": "nat-gate2"
            },
            "tags_all": {
              "Name": "nat-gate2"
            }
          },
          "sensitive_attributes": [],
          "private": "bnVsbA==",
          "dependencies": [
            "aws_subnet.private-main2",
            "aws_vpc.main",
            "aws_eip.eip-nat-gate2"
          ]
        }
      ]
    },
    {
      "mode": "managed",
      "type": "aws_nat_gateway",
      "name": "nat-gate1",
      "provider": "provider[\"registry.terraform.io/hashicorp/aws\"]",
      "instances": [
        {
          "schema_version": 0,
          "attributes": {
            "allocation_id": "eipalloc-0aa4e91c2f7134748",
            "connectivity_type": "public",
            "id": "nat-012988ce9c406ed6a",
            "network_interface_id": "eni-06d00c749d1e180e4",
            "private_ip": "10.10.2.235",
            "public_ip": "52.87.95.18",
            "subnet_id": "subnet-083f868d0d91a7a08",
            "tags": {
              "Name": "nat-gate1"
            },
            "tags_all": {
              "Name": "nat-gate1"
            }
          },
          "sensitive_attributes": [],
          "private": "bnVsbA==",
          "dependencies": [
            "aws_subnet.private-main",
            "aws_vpc.main",
            "aws_eip.eip-nat-gate1"
          ]
        }
      ]
    },
    {
      "mode": "managed",
      "type": "aws_route_table",
      "name": "Route_table",
      "provider": "provider[\"registry.terraform.io/hashicorp/aws\"]",
      "instances": [
        {
          "schema_version": 0,
          "attributes": {
            "arn": "arn:aws:ec2:us-east-1:671698158650:route-table/rtb-007c238dc60aa9165",
            "id": "rtb-007c238dc60aa9165",
            "owner_id": "671698158650",
            "propagating_vgws": [],
            "route": [],
            "tags": {
              "Name": "Route_table"
            },
            "tags_all": {
              "Name": "Route_table"
            },
            "vpc_id": "vpc-07806f2d9b24ac172"
          },
          "sensitive_attributes": [],
          "private": "bnVsbA==",
          "dependencies": [
            "aws_vpc.main"
          ]
        }
      ]
    },
    {
      "mode": "managed",
      "type": "aws_route_table",
      "name": "route-table-priv",
      "provider": "provider[\"registry.terraform.io/hashicorp/aws\"]",
      "instances": [
        {
          "schema_version": 0,
          "attributes": {
            "arn": "arn:aws:ec2:us-east-1:671698158650:route-table/rtb-07661ecad7ab36f00",
            "id": "rtb-07661ecad7ab36f00",
            "owner_id": "671698158650",
            "propagating_vgws": [],
            "route": [],
            "tags": {
              "Name": "route-table-priv"
            },
            "tags_all": {
              "Name": "route-table-priv"
            },
            "vpc_id": "vpc-07806f2d9b24ac172"
          },
          "sensitive_attributes": [],
          "private": "bnVsbA==",
          "dependencies": [
            "aws_vpc.main"
          ]
        }
      ]
    },
    {
      "mode": "managed",
      "type": "aws_route_table_association",
      "name": "private-ass1",
      "provider": "provider[\"registry.terraform.io/hashicorp/aws\"]",
      "instances": [
        {
          "schema_version": 0,
          "attributes": {
            "gateway_id": "",
            "id": "rtbassoc-08fbbd243cc975fb7",
            "route_table_id": "rtb-07661ecad7ab36f00",
            "subnet_id": "subnet-083f868d0d91a7a08"
          },
          "sensitive_attributes": [],
          "private": "bnVsbA==",
          "dependencies": [
            "aws_route_table.route-table-priv",
            "aws_subnet.private-main",
            "aws_vpc.main"
          ]
        }
      ]
    },
    {
      "mode": "managed",
      "type": "aws_route_table_association",
      "name": "private-ass2",
      "provider": "provider[\"registry.terraform.io/hashicorp/aws\"]",
      "instances": [
        {
          "schema_version": 0,
          "attributes": {
            "gateway_id": "",
            "id": "rtbassoc-026a73e269e5c8b2e",
            "route_table_id": "rtb-07661ecad7ab36f00",
            "subnet_id": "subnet-07ba485213627693e"
          },
          "sensitive_attributes": [],
          "private": "bnVsbA==",
          "dependencies": [
            "aws_route_table.route-table-priv",
            "aws_subnet.private-main2",
            "aws_vpc.main"
          ]
        }
      ]
    },
    {
      "mode": "managed",
      "type": "aws_route_table_association",
      "name": "public-ass1",
      "provider": "provider[\"registry.terraform.io/hashicorp/aws\"]",
      "instances": [
        {
          "schema_version": 0,
          "attributes": {
            "gateway_id": "",
            "id": "rtbassoc-0ca26b3a528403445",
            "route_table_id": "rtb-007c238dc60aa9165",
            "subnet_id": "subnet-007187fcd7a7337f3"
          },
          "sensitive_attributes": [],
          "private": "bnVsbA==",
          "dependencies": [
            "aws_route_table.Route_table",
            "aws_subnet.public-main-us-east-1a",
            "aws_vpc.main"
          ]
        }
      ]
    },
    {
      "mode": "managed",
      "type": "aws_route_table_association",
      "name": "public-ass2",
      "provider": "provider[\"registry.terraform.io/hashicorp/aws\"]",
      "instances": [
        {
          "schema_version": 0,
          "attributes": {
            "gateway_id": "",
            "id": "rtbassoc-0f28f5945a9be5fe8",
            "route_table_id": "rtb-007c238dc60aa9165",
            "subnet_id": "subnet-0b032058e7cefd46c"
          },
          "sensitive_attributes": [],
          "private": "bnVsbA==",
          "dependencies": [
            "aws_route_table.Route_table",
            "aws_subnet.public-main_us_east_1b",
            "aws_vpc.main"
          ]
        }
      ]
    },
    {
      "mode": "managed",
      "type": "aws_subnet",
      "name": "private-main",
      "provider": "provider[\"registry.terraform.io/hashicorp/aws\"]",
      "instances": [
        {
          "schema_version": 1,
          "attributes": {
            "arn": "arn:aws:ec2:us-east-1:671698158650:subnet/subnet-083f868d0d91a7a08",
            "assign_ipv6_address_on_creation": false,
            "availability_zone": "us-east-1d",
            "availability_zone_id": "use1-az2",
            "cidr_block": "10.10.2.0/24",
            "customer_owned_ipv4_pool": "",
            "id": "subnet-083f868d0d91a7a08",
            "ipv6_cidr_block": "",
            "ipv6_cidr_block_association_id": "",
            "map_customer_owned_ip_on_launch": false,
            "map_public_ip_on_launch": false,
            "outpost_arn": "",
            "owner_id": "671698158650",
            "tags": {
              "Name": "private-subnet.Main"
            },
            "tags_all": {
              "Name": "private-subnet.Main"
            },
            "timeouts": null,
            "vpc_id": "vpc-07806f2d9b24ac172"
          },
          "sensitive_attributes": [],
          "private": "eyJlMmJmYjczMC1lY2FhLTExZTYtOGY4OC0zNDM2M2JjN2M0YzAiOnsiY3JlYXRlIjo2MDAwMDAwMDAwMDAsImRlbGV0ZSI6MTIwMDAwMDAwMDAwMH0sInNjaGVtYV92ZXJzaW9uIjoiMSJ9",
          "dependencies": [
            "aws_vpc.main"
          ]
        }
      ]
    },
    {
      "mode": "managed",
      "type": "aws_subnet",
      "name": "private-main2",
      "provider": "provider[\"registry.terraform.io/hashicorp/aws\"]",
      "instances": [
        {
          "schema_version": 1,
          "attributes": {
            "arn": "arn:aws:ec2:us-east-1:671698158650:subnet/subnet-07ba485213627693e",
            "assign_ipv6_address_on_creation": false,
            "availability_zone": "us-east-1a",
            "availability_zone_id": "use1-az4",
            "cidr_block": "10.10.3.0/24",
            "customer_owned_ipv4_pool": "",
            "id": "subnet-07ba485213627693e",
            "ipv6_cidr_block": "",
            "ipv6_cidr_block_association_id": "",
            "map_customer_owned_ip_on_launch": false,
            "map_public_ip_on_launch": false,
            "outpost_arn": "",
            "owner_id": "671698158650",
            "tags": {
              "Name": "private-subnet.Main2"
            },
            "tags_all": {
              "Name": "private-subnet.Main2"
            },
            "timeouts": null,
            "vpc_id": "vpc-07806f2d9b24ac172"
          },
          "sensitive_attributes": [],
          "private": "eyJlMmJmYjczMC1lY2FhLTExZTYtOGY4OC0zNDM2M2JjN2M0YzAiOnsiY3JlYXRlIjo2MDAwMDAwMDAwMDAsImRlbGV0ZSI6MTIwMDAwMDAwMDAwMH0sInNjaGVtYV92ZXJzaW9uIjoiMSJ9",
          "dependencies": [
            "aws_vpc.main"
          ]
        }
      ]
    },
    {
      "mode": "managed",
      "type": "aws_subnet",
      "name": "public-main-us-east-1a",
      "provider": "provider[\"registry.terraform.io/hashicorp/aws\"]",
      "instances": [
        {
          "schema_version": 1,
          "attributes": {
            "arn": "arn:aws:ec2:us-east-1:671698158650:subnet/subnet-007187fcd7a7337f3",
            "assign_ipv6_address_on_creation": false,
            "availability_zone": "us-east-1a",
            "availability_zone_id": "use1-az4",
            "cidr_block": "10.10.0.0/24",
            "customer_owned_ipv4_pool": "",
            "id": "subnet-007187fcd7a7337f3",
            "ipv6_cidr_block": "",
            "ipv6_cidr_block_association_id": "",
            "map_customer_owned_ip_on_launch": false,
            "map_public_ip_on_launch": false,
            "outpost_arn": "",
            "owner_id": "671698158650",
            "tags": {
              "Name": "public-main subnet us-east-1a"
            },
            "tags_all": {
              "Name": "public-main subnet us-east-1a"
            },
            "timeouts": null,
            "vpc_id": "vpc-07806f2d9b24ac172"
          },
          "sensitive_attributes": [],
          "private": "eyJlMmJmYjczMC1lY2FhLTExZTYtOGY4OC0zNDM2M2JjN2M0YzAiOnsiY3JlYXRlIjo2MDAwMDAwMDAwMDAsImRlbGV0ZSI6MTIwMDAwMDAwMDAwMH0sInNjaGVtYV92ZXJzaW9uIjoiMSJ9",
          "dependencies": [
            "aws_vpc.main"
          ]
        }
      ]
    },
    {
      "mode": "managed",
      "type": "aws_subnet",
      "name": "public-main_us_east_1b",
      "provider": "provider[\"registry.terraform.io/hashicorp/aws\"]",
      "instances": [
        {
          "schema_version": 1,
          "attributes": {
            "arn": "arn:aws:ec2:us-east-1:671698158650:subnet/subnet-0b032058e7cefd46c",
            "assign_ipv6_address_on_creation": false,
            "availability_zone": "us-east-1b",
            "availability_zone_id": "use1-az6",
            "cidr_block": "10.10.1.0/24",
            "customer_owned_ipv4_pool": "",
            "id": "subnet-0b032058e7cefd46c",
            "ipv6_cidr_block": "",
            "ipv6_cidr_block_association_id": "",
            "map_customer_owned_ip_on_launch": false,
            "map_public_ip_on_launch": false,
            "outpost_arn": "",
            "owner_id": "671698158650",
            "tags": {
              "Name": "Public Subnet main.us-east-1b"
            },
            "tags_all": {
              "Name": "Public Subnet main.us-east-1b"
            },
            "timeouts": null,
            "vpc_id": "vpc-07806f2d9b24ac172"
          },
          "sensitive_attributes": [],
          "private": "eyJlMmJmYjczMC1lY2FhLTExZTYtOGY4OC0zNDM2M2JjN2M0YzAiOnsiY3JlYXRlIjo2MDAwMDAwMDAwMDAsImRlbGV0ZSI6MTIwMDAwMDAwMDAwMH0sInNjaGVtYV92ZXJzaW9uIjoiMSJ9",
          "dependencies": [
            "aws_vpc.main"
          ]
        }
      ]
    },
    {
      "mode": "managed",
      "type": "aws_vpc",
      "name": "main",
      "provider": "provider[\"registry.terraform.io/hashicorp/aws\"]",
      "instances": [
        {
          "schema_version": 1,
          "attributes": {
            "arn": "arn:aws:ec2:us-east-1:671698158650:vpc/vpc-07806f2d9b24ac172",
            "assign_generated_ipv6_cidr_block": false,
            "cidr_block": "10.10.0.0/16",
            "default_network_acl_id": "acl-0263994a6d17cd63c",
            "default_route_table_id": "rtb-0e5c997c3edf8e4fb",
            "default_security_group_id": "sg-0a65f812bf1c9159d",
            "dhcp_options_id": "dopt-df0942a5",
            "enable_classiclink": false,
            "enable_classiclink_dns_support": false,
            "enable_dns_hostnames": false,
            "enable_dns_support": true,
            "id": "vpc-07806f2d9b24ac172",
            "instance_tenancy": "default",
            "ipv6_association_id": "",
            "ipv6_cidr_block": "",
            "main_route_table_id": "rtb-0e5c997c3edf8e4fb",
            "owner_id": "671698158650",
            "tags": {
              "Name": "TF-vpc"
            },
            "tags_all": {
              "Name": "TF-vpc"
            }
          },
          "sensitive_attributes": [],
          "private": "eyJzY2hlbWFfdmVyc2lvbiI6IjEifQ=="
        }
      ]
    }
  ]
}
